
Microsoft Visual Studio Solution File, Format Version 11.00
# Visual Studio 2010
Project("{F184B08F-C81C-45F6-A57F-5ABD9991F28F}") = "Programi za novi Windows", "Programi za novi Windows\Programi za novi Windows.vbproj", "{668004CC-5C8C-4DFE-9DDC-68836464379D}"
EndProject
Project("{54435603-DBB4-11D2-8724-00A0C9A8B90C}") = "Setup1", "Setup1\Setup1.vdproj", "{D4F23E66-BDB3-422F-A42B-75133D9F583B}"
EndProject
Global
	GlobalSection(SolutionConfigurationPlatforms) = preSolution
		Debug|x86 = Debug|x86
		Release|x86 = Release|x86
	EndGlobalSection
	GlobalSection(ProjectConfigurationPlatforms) = postSolution
		{668004CC-5C8C-4DFE-9DDC-68836464379D}.Debug|x86.ActiveCfg = Debug|x86
		{668004CC-5C8C-4DFE-9DDC-68836464379D}.Debug|x86.Build.0 = Debug|x86
		{668004CC-5C8C-4DFE-9DDC-68836464379D}.Release|x86.ActiveCfg = Release|x86
		{668004CC-5C8C-4DFE-9DDC-68836464379D}.Release|x86.Build.0 = Release|x86
		{D4F23E66-BDB3-422F-A42B-75133D9F583B}.Debug|x86.ActiveCfg = Debug
		{D4F23E66-BDB3-422F-A42B-75133D9F583B}.Release|x86.ActiveCfg = Release
	EndGlobalSection
	GlobalSection(SolutionProperties) = preSolution
		HideSolutionNode = FALSE
	EndGlobalSection
EndGlobal
